
Microsoft Visual Studio Solution File, Format Version 12.00
# Visual Studio Version 16
VisualStudioVersion = 16.0.31005.135
MinimumVisualStudioVersion = 10.0.40219.1
Project("{FAE04EC0-301F-11D3-BF4B-00C04F79EFBC}") = "QRcodeGenerator", "QRcodeGenerator\QRcodeGenerator.csproj", "{1B0946ED-2405-4732-8AF9-EC8722F5665C}"
EndProject
Global
	GlobalSection(SolutionConfigurationPlatforms) = preSolution
		Debug|Any CPU = Debug|Any CPU
		Release|Any CPU = Release|Any CPU
	EndGlobalSection
	GlobalSection(ProjectConfigurationPlatforms) = postSolution
		{1B0946ED-2405-4732-8AF9-EC8722F5665C}.Debug|Any CPU.ActiveCfg = Debug|Any CPU
		{1B0946ED-2405-4732-8AF9-EC8722F5665C}.Debug|Any CPU.Build.0 = Debug|Any CPU
		{1B0946ED-2405-4732-8AF9-EC8722F5665C}.Release|Any CPU.ActiveCfg = Release|Any CPU
		{1B0946ED-2405-4732-8AF9-EC8722F5665C}.Release|Any CPU.Build.0 = Release|Any CPU
	EndGlobalSection
	GlobalSection(SolutionProperties) = preSolution
		HideSolutionNode = FALSE
	EndGlobalSection
	GlobalSection(ExtensibilityGlobals) = postSolution
		SolutionGuid = {90B94C64-30BF-4BA5-8EFB-126D2F119CB0}
	EndGlobalSection
EndGlobal
